
Microsoft Visual Studio Solution File, Format Version 12.00
# Visual Studio Version 17
VisualStudioVersion = 17.4.33110.190
MinimumVisualStudioVersion = 10.0.40219.1
Project("{FAE04EC0-301F-11D3-BF4B-00C04F79EFBC}") = "CipherLabs", "CipherLabs\CipherLabs.csproj", "{1B4B7347-8055-4D0B-ADAC-CF1CFD31F682}"
EndProject
Project("{FAE04EC0-301F-11D3-BF4B-00C04F79EFBC}") = "CipherLabs - Tables Test", "CipherLabs - Tables Test\CipherLabs - Tables Test.csproj", "{57F76E5A-B788-4FE7-8A3B-4B3FB8066692}"
EndProject
Project("{FAE04EC0-301F-11D3-BF4B-00C04F79EFBC}") = "CipherLabs - Playfair Cipher Test", "CipherLabs - Playfair Cipher Test\CipherLabs - Playfair Cipher Test.csproj", "{2FC9B10D-EA51-4D4E-92F0-C81A0CB5D725}"
EndProject
Global
	GlobalSection(SolutionConfigurationPlatforms) = preSolution
		Debug|Any CPU = Debug|Any CPU
		Release|Any CPU = Release|Any CPU
	EndGlobalSection
	GlobalSection(ProjectConfigurationPlatforms) = postSolution
		{1B4B7347-8055-4D0B-ADAC-CF1CFD31F682}.Debug|Any CPU.ActiveCfg = Debug|Any CPU
		{1B4B7347-8055-4D0B-ADAC-CF1CFD31F682}.Debug|Any CPU.Build.0 = Debug|Any CPU
		{1B4B7347-8055-4D0B-ADAC-CF1CFD31F682}.Release|Any CPU.ActiveCfg = Release|Any CPU
		{1B4B7347-8055-4D0B-ADAC-CF1CFD31F682}.Release|Any CPU.Build.0 = Release|Any CPU
		{57F76E5A-B788-4FE7-8A3B-4B3FB8066692}.Debug|Any CPU.ActiveCfg = Debug|Any CPU
		{57F76E5A-B788-4FE7-8A3B-4B3FB8066692}.Debug|Any CPU.Build.0 = Debug|Any CPU
		{57F76E5A-B788-4FE7-8A3B-4B3FB8066692}.Release|Any CPU.ActiveCfg = Release|Any CPU
		{57F76E5A-B788-4FE7-8A3B-4B3FB8066692}.Release|Any CPU.Build.0 = Release|Any CPU
		{2FC9B10D-EA51-4D4E-92F0-C81A0CB5D725}.Debug|Any CPU.ActiveCfg = Debug|Any CPU
		{2FC9B10D-EA51-4D4E-92F0-C81A0CB5D725}.Debug|Any CPU.Build.0 = Debug|Any CPU
		{2FC9B10D-EA51-4D4E-92F0-C81A0CB5D725}.Release|Any CPU.ActiveCfg = Release|Any CPU
		{2FC9B10D-EA51-4D4E-92F0-C81A0CB5D725}.Release|Any CPU.Build.0 = Release|Any CPU
	EndGlobalSection
	GlobalSection(SolutionProperties) = preSolution
		HideSolutionNode = FALSE
	EndGlobalSection
	GlobalSection(ExtensibilityGlobals) = postSolution
		SolutionGuid = {9540045E-3F7B-417E-BB87-51E0FBC92A58}
	EndGlobalSection
EndGlobal
